// !$*UTF8*$!
{
	archiveVersion = 1;
	classes = {
	};
	objectVersion = 77;
	objects = {

/* Begin PBXContainerItemProxy section */
		77FEF38E2FC69F760047BAEC /* PBXContainerItemProxy */ = {
			isa = PBXContainerItemProxy;
			containerPortal = 77FEF3762FC69F740047BAEC /* Project object */;
			proxyType = 1;
			remoteGlobalIDString = 77FEF37D2FC69F740047BAEC;
			remoteInfo = ScreenshotMaxxing;
		};
		77FEF3982FC69F760047BAEC /* PBXContainerItemProxy */ = {
			isa = PBXContainerItemProxy;
			containerPortal = 77FEF3762FC69F740047BAEC /* Project object */;
			proxyType = 1;
			remoteGlobalIDString = 77FEF37D2FC69F740047BAEC;
			remoteInfo = ScreenshotMaxxing;
		};
/* End PBXContainerItemProxy section */

/* Begin PBXFileReference section */
		77FEF37E2FC69F740047BAEC /* ScreenshotMaxxing.app */ = {isa = PBXFileReference; explicitFileType = wrapper.application; includeInIndex = 0; path = ScreenshotMaxxing.app; sourceTree = BUILT_PRODUCTS_DIR; };
		77FEF38D2FC69F760047BAEC /* ScreenshotMaxxingTests.xctest */ = {isa = PBXFileReference; explicitFileType = wrapper.cfbundle; includeInIndex = 0; path = ScreenshotMaxxingTests.xctest; sourceTree = BUILT_PRODUCTS_DIR; };
		77FEF3972FC69F760047BAEC /* ScreenshotMaxxingUITests.xctest */ = {isa = PBXFileReference; explicitFileType = wrapper.cfbundle; includeInIndex = 0; path = ScreenshotMaxxingUITests.xctest; sourceTree = BUILT_PRODUCTS_DIR; };
/* End PBXFileReference section */

/* Begin PBXFileSystemSynchronizedRootGroup section */
		77FEF3802FC69F740047BAEC /* ScreenshotMaxxing */ = {
			isa = PBXFileSystemSynchronizedRootGroup;
			path = ScreenshotMaxxing;
			sourceTree = "<group>";
		};
		77FEF3902FC69F760047BAEC /* ScreenshotMaxxingTests */ = {
			isa = PBXFileSystemSynchronizedRootGroup;
			path = ScreenshotMaxxingTests;
			sourceTree = "<group>";
		};
		77FEF39A2FC69F760047BAEC /* ScreenshotMaxxingUITests */ = {
			isa = PBXFileSystemSynchronizedRootGroup;
			path = ScreenshotMaxxingUITests;
			sourceTree = "<group>";
		};
/* End PBXFileSystemSynchronizedRootGroup section */

/* Begin PBXFrameworksBuildPhase section */
		77FEF37B2FC69F740047BAEC /* Frameworks */ = {
			isa = PBXFrameworksBuildPhase;
			buildActionMask = 2147483647;
			files = (
			);
			runOnlyForDeploymentPostprocessing = 0;
		};
		77FEF38A2FC69F760047BAEC /* Frameworks */ = {
			isa = PBXFrameworksBuildPhase;
			buildActionMask = 2147483647;
			files = (
			);
			runOnlyForDeploymentPostprocessing = 0;
		};
		77FEF3942FC69F760047BAEC /* Frameworks */ = {
			isa = PBXFrameworksBuildPhase;
			buildActionMask = 2147483647;
			files = (
			);
			runOnlyForDeploymentPostprocessing = 0;
		};
/* End PBXFrameworksBuildPhase section */

/* Begin PBXGroup section */
		77FEF3752FC69F740047BAEC = {
			isa = PBXGroup;
			children = (
				77FEF3802FC69F740047BAEC /* ScreenshotMaxxing */,
				77FEF3902FC69F760047BAEC /* ScreenshotMaxxingTests */,
				77FEF39A2FC69F760047BAEC /* ScreenshotMaxxingUITests */,
				77FEF37F2FC69F740047BAEC /* Products */,
			);
			sourceTree = "<group>";
		};
		77FEF37F2FC69F740047BAEC /* Products */ = {
			isa = PBXGroup;
			children = (
				77FEF37E2FC69F740047BAEC /* ScreenshotMaxxing.app */,
				77FEF38D2FC69F760047BAEC /* ScreenshotMaxxingTests.xctest */,
				77FEF3972FC69F760047BAEC /* ScreenshotMaxxingUITests.xctest */,
			);
			name = Products;
			sourceTree = "<group>";
		};
/* End PBXGroup section */

/* Begin PBXNativeTarget section */
		77FEF37D2FC69F740047BAEC /* ScreenshotMaxxing */ = {
			isa = PBXNativeTarget;
			buildConfigurationList = 77FEF3A12FC69F760047BAEC /* Build configuration list for PBXNativeTarget "ScreenshotMaxxing" */;
			buildPhases = (
				77FEF37A2FC69F740047BAEC /* Sources */,
				77FEF37B2FC69F740047BAEC /* Frameworks */,
				77FEF37C2FC69F740047BAEC /* Resources */,
			);
			buildRules = (
			);
			dependencies = (
			);
			fileSystemSynchronizedGroups = (
				77FEF3802FC69F740047BAEC /* ScreenshotMaxxing */,
			);
			name = ScreenshotMaxxing;
			packageProductDependencies = (
			);
			productName = ScreenshotMaxxing;
			productReference = 77FEF37E2FC69F740047BAEC /* ScreenshotMaxxing.app */;
			productType = "com.apple.product-type.application";
		};
		77FEF38C2FC69F760047BAEC /* ScreenshotMaxxingTests */ = {
			isa = PBXNativeTarget;
			buildConfigurationList = 77FEF3A42FC69F760047BAEC /* Build configuration list for PBXNativeTarget "ScreenshotMaxxingTests" */;
			buildPhases = (
				77FEF3892FC69F760047BAEC /* Sources */,
				77FEF38A2FC69F760047BAEC /* Frameworks */,
				77FEF38B2FC69F760047BAEC /* Resources */,
			);
			buildRules = (
			);
			dependencies = (
				77FEF38F2FC69F760047BAEC /* PBXTargetDependency */,
			);
			fileSystemSynchronizedGroups = (
				77FEF3902FC69F760047BAEC /* ScreenshotMaxxingTests */,
			);
			name = ScreenshotMaxxingTests;
			packageProductDependencies = (
			);
			productName = ScreenshotMaxxingTests;
			productReference = 77FEF38D2FC69F760047BAEC /* ScreenshotMaxxingTests.xctest */;
			productType = "com.apple.product-type.bundle.unit-test";
		};
		77FEF3962FC69F760047BAEC /* ScreenshotMaxxingUITests */ = {
			isa = PBXNativeTarget;
			buildConfigurationList = 77FEF3A72FC69F760047BAEC /* Build configuration list for PBXNativeTarget "ScreenshotMaxxingUITests" */;
			buildPhases = (
				77FEF3932FC69F760047BAEC /* Sources */,
				77FEF3942FC69F760047BAEC /* Frameworks */,
				77FEF3952FC69F760047BAEC /* Resources */,
			);
			buildRules = (
			);
			dependencies = (
				77FEF3992FC69F760047BAEC /* PBXTargetDependency */,
			);
			fileSystemSynchronizedGroups = (
				77FEF39A2FC69F760047BAEC /* ScreenshotMaxxingUITests */,
			);
			name = ScreenshotMaxxingUITests;
			packageProductDependencies = (
			);
			productName = ScreenshotMaxxingUITests;
			productReference = 77FEF3972FC69F760047BAEC /* ScreenshotMaxxingUITests.xctest */;
			productType = "com.apple.product-type.bundle.ui-testing";
		};
/* End PBXNativeTarget section */

/* Begin PBXProject section */
		77FEF3762FC69F740047BAEC /* Project object */ = {
			isa = PBXProject;
			attributes = {
				BuildIndependentTargetsInParallel = 1;
				LastSwiftUpdateCheck = 2630;
				LastUpgradeCheck = 2630;
				TargetAttributes = {
					77FEF37D2FC69F740047BAEC = {
						CreatedOnToolsVersion = 26.3;
					};
					77FEF38C2FC69F760047BAEC = {
						CreatedOnToolsVersion = 26.3;
						TestTargetID = 77FEF37D2FC69F740047BAEC;
					};
					77FEF3962FC69F760047BAEC = {
						CreatedOnToolsVersion = 26.3;
						TestTargetID = 77FEF37D2FC69F740047BAEC;
					};
				};
			};
			buildConfigurationList = 77FEF3792FC69F740047BAEC /* Build configuration list for PBXProject "ScreenshotMaxxing" */;
			developmentRegion = en;
			hasScannedForEncodings = 0;
			knownRegions = (
				en,
				Base,
			);
			mainGroup = 77FEF3752FC69F740047BAEC;
			minimizedProjectReferenceProxies = 1;
			preferredProjectObjectVersion = 77;
			productRefGroup = 77FEF37F2FC69F740047BAEC /* Products */;
			projectDirPath = "";
			projectRoot = "";
			targets = (
				77FEF37D2FC69F740047BAEC /* ScreenshotMaxxing */,
				77FEF38C2FC69F760047BAEC /* ScreenshotMaxxingTests */,
				77FEF3962FC69F760047BAEC /* ScreenshotMaxxingUITests */,
			);
		};
/* End PBXProject section */

/* Begin PBXResourcesBuildPhase section */
		77FEF37C2FC69F740047BAEC /* Resources */ = {
			isa = PBXResourcesBuildPhase;
			buildActionMask = 2147483647;
			files = (
			);
			runOnlyForDeploymentPostprocessing = 0;
		};
		77FEF38B2FC69F760047BAEC /* Resources */ = {
			isa = PBXResourcesBuildPhase;
			buildActionMask = 2147483647;
			files = (
			);
			runOnlyForDeploymentPostprocessing = 0;
		};
		77FEF3952FC69F760047BAEC /* Resources */ = {
			isa = PBXResourcesBuildPhase;
			buildActionMask = 2147483647;
			files = (
			);
			runOnlyForDeploymentPostprocessing = 0;
		};
/* End PBXResourcesBuildPhase section */

/* Begin PBXSourcesBuildPhase section */
		77FEF37A2FC69F740047BAEC /* Sources */ = {
			isa = PBXSourcesBuildPhase;
			buildActionMask = 2147483647;
			files = (
			);
			runOnlyForDeploymentPostprocessing = 0;
		};
		77FEF3892FC69F760047BAEC /* Sources */ = {
			isa = PBXSourcesBuildPhase;
			buildActionMask = 2147483647;
			files = (
			);
			runOnlyForDeploymentPostprocessing = 0;
		};
		77FEF3932FC69F760047BAEC /* Sources */ = {
			isa = PBXSourcesBuildPhase;
			buildActionMask = 2147483647;
			files = (
			);
			runOnlyForDeploymentPostprocessing = 0;
		};
/* End PBXSourcesBuildPhase section */

/* Begin PBXTargetDependency section */
		77FEF38F2FC69F760047BAEC /* PBXTargetDependency */ = {
			isa = PBXTargetDependency;
			target = 77FEF37D2FC69F740047BAEC /* ScreenshotMaxxing */;
			targetProxy = 77FEF38E2FC69F760047BAEC /* PBXContainerItemProxy */;
		};
		77FEF3992FC69F760047BAEC /* PBXTargetDependency */ = {
			isa = PBXTargetDependency;
			target = 77FEF37D2FC69F740047BAEC /* ScreenshotMaxxing */;
			targetProxy = 77FEF3982FC69F760047BAEC /* PBXContainerItemProxy */;
		};
/* End PBXTargetDependency section */

/* Begin XCBuildConfiguration section */
		77FEF39F2FC69F760047BAEC /* Debug */ = {
			isa = XCBuildConfiguration;
			buildSettings = {
				ALWAYS_SEARCH_USER_PATHS = NO;
				ASSETCATALOG_COMPILER_GENERATE_SWIFT_ASSET_SYMBOL_EXTENSIONS = YES;
				CLANG_ANALYZER_NONNULL = YES;
				CLANG_ANALYZER_NUMBER_OBJECT_CONVERSION = YES_AGGRESSIVE;
				CLANG_CXX_LANGUAGE_STANDARD = "gnu++20";
				CLANG_ENABLE_MODULES = YES;
				CLANG_ENABLE_OBJC_ARC = YES;
				CLANG_ENABLE_OBJC_WEAK = YES;
				CLANG_WARN_BLOCK_CAPTURE_AUTORELEASING = YES;
				CLANG_WARN_BOOL_CONVERSION = YES;
				CLANG_WARN_COMMA = YES;
				CLANG_WARN_CONSTANT_CONVERSION = YES;
				CLANG_WARN_DEPRECATED_OBJC_IMPLEMENTATIONS = YES;
				CLANG_WARN_DIRECT_OBJC_ISA_USAGE = YES_ERROR;
				CLANG_WARN_DOCUMENTATION_COMMENTS = YES;
				CLANG_WARN_EMPTY_BODY = YES;
				CLANG_WARN_ENUM_CONVERSION = YES;
				CLANG_WARN_INFINITE_RECURSION = YES;
				CLANG_WARN_INT_CONVERSION = YES;
				CLANG_WARN_NON_LITERAL_NULL_CONVERSION = YES;
				CLANG_WARN_OBJC_IMPLICIT_RETAIN_SELF = YES;
				CLANG_WARN_OBJC_LITERAL_CONVERSION = YES;
				CLANG_WARN_OBJC_ROOT_CLASS = YES_ERROR;
				CLANG_WARN_QUOTED_INCLUDE_IN_FRAMEWORK_HEADER = YES;
				CLANG_WARN_RANGE_LOOP_ANALYSIS = YES;
				CLANG_WARN_STRICT_PROTOTYPES = YES;
				CLANG_WARN_SUSPICIOUS_MOVE = YES;
				CLANG_WARN_UNGUARDED_AVAILABILITY = YES_AGGRESSIVE;
				CLANG_WARN_UNREACHABLE_CODE = YES;
				CLANG_WARN__DUPLICATE_METHOD_MATCH = YES;
				COPY_PHASE_STRIP = NO;
				DEBUG_INFORMATION_FORMAT = dwarf;
				DEVELOPMENT_TEAM = 76UV94T5E2;
				ENABLE_STRICT_OBJC_MSGSEND = YES;
				ENABLE_TESTABILITY = YES;
				ENABLE_USER_SCRIPT_SANDBOXING = YES;
				GCC_C_LANGUAGE_STANDARD = gnu17;
				GCC_DYNAMIC_NO_PIC = NO;
				GCC_NO_COMMON_BLOCKS = YES;
				GCC_OPTIMIZATION_LEVEL = 0;
				GCC_PREPROCESSOR_DEFINITIONS = (
					"DEBUG=1",
					"$(inherited)",
				);
				GCC_WARN_64_TO_32_BIT_CONVERSION = YES;
				GCC_WARN_ABOUT_RETURN_TYPE = YES_ERROR;
				GCC_WARN_UNDECLARED_SELECTOR = YES;
				GCC_WARN_UNINITIALIZED_AUTOS = YES_AGGRESSIVE;
				GCC_WARN_UNUSED_FUNCTION = YES;
				GCC_WARN_UNUSED_VARIABLE = YES;
				LOCALIZATION_PREFERS_STRING_CATALOGS = YES;
				MACOSX_DEPLOYMENT_TARGET = 26.2;
				MTL_ENABLE_DEBUG_INFO = INCLUDE_SOURCE;
				MTL_FAST_MATH = YES;
				ONLY_ACTIVE_ARCH = YES;
				SDKROOT = macosx;
				SWIFT_ACTIVE_COMPILATION_CONDITIONS = "DEBUG $(inherited)";
				SWIFT_OPTIMIZATION_LEVEL = "-Onone";
			};
			name = Debug;
		};
		77FEF3A02FC69F760047BAEC /* Release */ = {
			isa = XCBuildConfiguration;
			buildSettings = {
				ALWAYS_SEARCH_USER_PATHS = NO;
				ASSETCATALOG_COMPILER_GENERATE_SWIFT_ASSET_SYMBOL_EXTENSIONS = YES;
				CLANG_ANALYZER_NONNULL = YES;
				CLANG_ANALYZER_NUMBER_OBJECT_CONVERSION = YES_AGGRESSIVE;
				CLANG_CXX_LANGUAGE_STANDARD = "gnu++20";
				CLANG_ENABLE_MODULES = YES;
				CLANG_ENABLE_OBJC_ARC = YES;
				CLANG_ENABLE_OBJC_WEAK = YES;
				CLANG_WARN_BLOCK_CAPTURE_AUTORELEASING = YES;
				CLANG_WARN_BOOL_CONVERSION = YES;
				CLANG_WARN_COMMA = YES;
				CLANG_WARN_CONSTANT_CONVERSION = YES;
				CLANG_WARN_DEPRECATED_OBJC_IMPLEMENTATIONS = YES;
				CLANG_WARN_DIRECT_OBJC_ISA_USAGE = YES_ERROR;
				CLANG_WARN_DOCUMENTATION_COMMENTS = YES;
				CLANG_WARN_EMPTY_BODY = YES;
				CLANG_WARN_ENUM_CONVERSION = YES;
				CLANG_WARN_INFINITE_RECURSION = YES;
				CLANG_WARN_INT_CONVERSION = YES;
				CLANG_WARN_NON_LITERAL_NULL_CONVERSION = YES;
				CLANG_WARN_OBJC_IMPLICIT_RETAIN_SELF = YES;
				CLANG_WARN_OBJC_LITERAL_CONVERSION = YES;
				CLANG_WARN_OBJC_ROOT_CLASS = YES_ERROR;
				CLANG_WARN_QUOTED_INCLUDE_IN_FRAMEWORK_HEADER = YES;
				CLANG_WARN_RANGE_LOOP_ANALYSIS = YES;
				CLANG_WARN_STRICT_PROTOTYPES = YES;
				CLANG_WARN_SUSPICIOUS_MOVE = YES;
				CLANG_WARN_UNGUARDED_AVAILABILITY = YES_AGGRESSIVE;
				CLANG_WARN_UNREACHABLE_CODE = YES;
				CLANG_WARN__DUPLICATE_METHOD_MATCH = YES;
				COPY_PHASE_STRIP = NO;
				DEBUG_INFORMATION_FORMAT = "dwarf-with-dsym";
				DEVELOPMENT_TEAM = 76UV94T5E2;
				ENABLE_NS_ASSERTIONS = NO;
				ENABLE_STRICT_OBJC_MSGSEND = YES;
				ENABLE_USER_SCRIPT_SANDBOXING = YES;
				GCC_C_LANGUAGE_STANDARD = gnu17;
				GCC_NO_COMMON_BLOCKS = YES;
				GCC_WARN_64_TO_32_BIT_CONVERSION = YES;
				GCC_WARN_ABOUT_RETURN_TYPE = YES_ERROR;
				GCC_WARN_UNDECLARED_SELECTOR = YES;
				GCC_WARN_UNINITIALIZED_AUTOS = YES_AGGRESSIVE;
				GCC_WARN_UNUSED_FUNCTION = YES;
				GCC_WARN_UNUSED_VARIABLE = YES;
				LOCALIZATION_PREFERS_STRING_CATALOGS = YES;
				MACOSX_DEPLOYMENT_TARGET = 26.2;
				MTL_ENABLE_DEBUG_INFO = NO;
				MTL_FAST_MATH = YES;
				SDKROOT = macosx;
				SWIFT_COMPILATION_MODE = wholemodule;
			};
			name = Release;
		};
		77FEF3A22FC69F760047BAEC /* Debug */ = {
			isa = XCBuildConfiguration;
			buildSettings = {
				ASSETCATALOG_COMPILER_APPICON_NAME = AppIcon;
				ASSETCATALOG_COMPILER_GLOBAL_ACCENT_COLOR_NAME = AccentColor;
				CODE_SIGN_ENTITLEMENTS = ScreenshotMaxxing/ScreenshotMaxxing.entitlements;
				CODE_SIGN_STYLE = Automatic;
				COMBINE_HIDPI_IMAGES = YES;
				CURRENT_PROJECT_VERSION = 6;
				DEVELOPMENT_TEAM = 76UV94T5E2;
				ENABLE_APP_SANDBOX = YES;
				ENABLE_HARDENED_RUNTIME = YES;
				ENABLE_PREVIEWS = YES;
				ENABLE_USER_SELECTED_FILES = readonly;
				GENERATE_INFOPLIST_FILE = YES;
				INFOPLIST_KEY_CFBundleDisplayName = "ScreenshotMaxxing Dev";
				INFOPLIST_KEY_NSHumanReadableCopyright = "";
				INFOPLIST_KEY_LSUIElement = YES;
				INFOPLIST_KEY_NSMicrophoneUsageDescription = "ScreenshotMaxxing uses the microphone only when recording videos with microphone audio enabled.";
				LD_RUNPATH_SEARCH_PATHS = (
					"$(inherited)",
					"@executable_path/../Frameworks",
				);
				MARKETING_VERSION = 2.0.1;
				PRODUCT_BUNDLE_IDENTIFIER = com.benmkramer.ScreenshotMaxxing.dev;
				PRODUCT_NAME = "$(TARGET_NAME)";
				REGISTER_APP_GROUPS = YES;
				STRING_CATALOG_GENERATE_SYMBOLS = YES;
				SWIFT_APPROACHABLE_CONCURRENCY = YES;
				SWIFT_DEFAULT_ACTOR_ISOLATION = MainActor;
				SWIFT_EMIT_LOC_STRINGS = YES;
				SWIFT_UPCOMING_FEATURE_MEMBER_IMPORT_VISIBILITY = YES;
				SWIFT_VERSION = 5.0;
			};
			name = Debug;
		};
		77FEF3A32FC69F760047BAEC /* Release */ = {
			isa = XCBuildConfiguration;
			buildSettings = {
				ASSETCATALOG_COMPILER_APPICON_NAME = AppIcon;
				ASSETCATALOG_COMPILER_GLOBAL_ACCENT_COLOR_NAME = AccentColor;
				CODE_SIGN_ENTITLEMENTS = ScreenshotMaxxing/ScreenshotMaxxing.entitlements;
				CODE_SIGN_STYLE = Automatic;
				COMBINE_HIDPI_IMAGES = YES;
				CURRENT_PROJECT_VERSION = 6;
				DEVELOPMENT_TEAM = 76UV94T5E2;
				ENABLE_APP_SANDBOX = YES;
				ENABLE_HARDENED_RUNTIME = YES;
				ENABLE_PREVIEWS = YES;
				ENABLE_USER_SELECTED_FILES = readonly;
				GENERATE_INFOPLIST_FILE = YES;
				INFOPLIST_KEY_NSHumanReadableCopyright = "";
				INFOPLIST_KEY_LSUIElement = YES;
				INFOPLIST_KEY_NSMicrophoneUsageDescription = "ScreenshotMaxxing uses the microphone only when recording videos with microphone audio enabled.";
				LD_RUNPATH_SEARCH_PATHS = (
					"$(inherited)",
					"@executable_path/../Frameworks",
				);
				MARKETING_VERSION = 2.0.1;
				PRODUCT_BUNDLE_IDENTIFIER = com.benmkramer.ScreenshotMaxxing;
				PRODUCT_NAME = "$(TARGET_NAME)";
				REGISTER_APP_GROUPS = YES;
				STRING_CATALOG_GENERATE_SYMBOLS = YES;
				SWIFT_APPROACHABLE_CONCURRENCY = YES;
				SWIFT_DEFAULT_ACTOR_ISOLATION = MainActor;
				SWIFT_EMIT_LOC_STRINGS = YES;
				SWIFT_UPCOMING_FEATURE_MEMBER_IMPORT_VISIBILITY = YES;
				SWIFT_VERSION = 5.0;
			};
			name = Release;
		};
		77FEF3A52FC69F760047BAEC /* Debug */ = {
			isa = XCBuildConfiguration;
			buildSettings = {
				BUNDLE_LOADER = "$(TEST_HOST)";
				CODE_SIGN_STYLE = Automatic;
				CURRENT_PROJECT_VERSION = 6;
				DEVELOPMENT_TEAM = 76UV94T5E2;
				GENERATE_INFOPLIST_FILE = YES;
				MACOSX_DEPLOYMENT_TARGET = 26.2;
				MARKETING_VERSION = 2.0.1;
				PRODUCT_BUNDLE_IDENTIFIER = com.benmkramer.ScreenshotMaxxingTests;
				PRODUCT_NAME = "$(TARGET_NAME)";
				STRING_CATALOG_GENERATE_SYMBOLS = NO;
				SWIFT_APPROACHABLE_CONCURRENCY = YES;
				SWIFT_EMIT_LOC_STRINGS = NO;
				SWIFT_UPCOMING_FEATURE_MEMBER_IMPORT_VISIBILITY = YES;
				SWIFT_VERSION = 5.0;
				TEST_HOST = "$(BUILT_PRODUCTS_DIR)/ScreenshotMaxxing.app/$(BUNDLE_EXECUTABLE_FOLDER_PATH)/ScreenshotMaxxing";
			};
			name = Debug;
		};
		77FEF3A62FC69F760047BAEC /* Release */ = {
			isa = XCBuildConfiguration;
			buildSettings = {
				BUNDLE_LOADER = "$(TEST_HOST)";
				CODE_SIGN_STYLE = Automatic;
				CURRENT_PROJECT_VERSION = 6;
				DEVELOPMENT_TEAM = 76UV94T5E2;
				GENERATE_INFOPLIST_FILE = YES;
				MACOSX_DEPLOYMENT_TARGET = 26.2;
				MARKETING_VERSION = 2.0.1;
				PRODUCT_BUNDLE_IDENTIFIER = com.benmkramer.ScreenshotMaxxingTests;
				PRODUCT_NAME = "$(TARGET_NAME)";
				STRING_CATALOG_GENERATE_SYMBOLS = NO;
				SWIFT_APPROACHABLE_CONCURRENCY = YES;
				SWIFT_EMIT_LOC_STRINGS = NO;
				SWIFT_UPCOMING_FEATURE_MEMBER_IMPORT_VISIBILITY = YES;
				SWIFT_VERSION = 5.0;
				TEST_HOST = "$(BUILT_PRODUCTS_DIR)/ScreenshotMaxxing.app/$(BUNDLE_EXECUTABLE_FOLDER_PATH)/ScreenshotMaxxing";
			};
			name = Release;
		};
		77FEF3A82FC69F760047BAEC /* Debug */ = {
			isa = XCBuildConfiguration;
			buildSettings = {
				CODE_SIGN_STYLE = Automatic;
				CURRENT_PROJECT_VERSION = 6;
				DEVELOPMENT_TEAM = 76UV94T5E2;
				GENERATE_INFOPLIST_FILE = YES;
				MARKETING_VERSION = 2.0.1;
				PRODUCT_BUNDLE_IDENTIFIER = com.benmkramer.ScreenshotMaxxingUITests;
				PRODUCT_NAME = "$(TARGET_NAME)";
				STRING_CATALOG_GENERATE_SYMBOLS = NO;
				SWIFT_APPROACHABLE_CONCURRENCY = YES;
				SWIFT_EMIT_LOC_STRINGS = NO;
				SWIFT_UPCOMING_FEATURE_MEMBER_IMPORT_VISIBILITY = YES;
				SWIFT_VERSION = 5.0;
				TEST_TARGET_NAME = ScreenshotMaxxing;
			};
			name = Debug;
		};
		77FEF3A92FC69F760047BAEC /* Release */ = {
			isa = XCBuildConfiguration;
			buildSettings = {
				CODE_SIGN_STYLE = Automatic;
				CURRENT_PROJECT_VERSION = 6;
				DEVELOPMENT_TEAM = 76UV94T5E2;
				GENERATE_INFOPLIST_FILE = YES;
				MARKETING_VERSION = 2.0.1;
				PRODUCT_BUNDLE_IDENTIFIER = com.benmkramer.ScreenshotMaxxingUITests;
				PRODUCT_NAME = "$(TARGET_NAME)";
				STRING_CATALOG_GENERATE_SYMBOLS = NO;
				SWIFT_APPROACHABLE_CONCURRENCY = YES;
				SWIFT_EMIT_LOC_STRINGS = NO;
				SWIFT_UPCOMING_FEATURE_MEMBER_IMPORT_VISIBILITY = YES;
				SWIFT_VERSION = 5.0;
				TEST_TARGET_NAME = ScreenshotMaxxing;
			};
			name = Release;
		};
/* End XCBuildConfiguration section */

/* Begin XCConfigurationList section */
		77FEF3792FC69F740047BAEC /* Build configuration list for PBXProject "ScreenshotMaxxing" */ = {
			isa = XCConfigurationList;
			buildConfigurations = (
				77FEF39F2FC69F760047BAEC /* Debug */,
				77FEF3A02FC69F760047BAEC /* Release */,
			);
			defaultConfigurationIsVisible = 0;
			defaultConfigurationName = Release;
		};
		77FEF3A12FC69F760047BAEC /* Build configuration list for PBXNativeTarget "ScreenshotMaxxing" */ = {
			isa = XCConfigurationList;
			buildConfigurations = (
				77FEF3A22FC69F760047BAEC /* Debug */,
				77FEF3A32FC69F760047BAEC /* Release */,
			);
			defaultConfigurationIsVisible = 0;
			defaultConfigurationName = Release;
		};
		77FEF3A42FC69F760047BAEC /* Build configuration list for PBXNativeTarget "ScreenshotMaxxingTests" */ = {
			isa = XCConfigurationList;
			buildConfigurations = (
				77FEF3A52FC69F760047BAEC /* Debug */,
				77FEF3A62FC69F760047BAEC /* Release */,
			);
			defaultConfigurationIsVisible = 0;
			defaultConfigurationName = Release;
		};
		77FEF3A72FC69F760047BAEC /* Build configuration list for PBXNativeTarget "ScreenshotMaxxingUITests" */ = {
			isa = XCConfigurationList;
			buildConfigurations = (
				77FEF3A82FC69F760047BAEC /* Debug */,
				77FEF3A92FC69F760047BAEC /* Release */,
			);
			defaultConfigurationIsVisible = 0;
			defaultConfigurationName = Release;
		};
/* End XCConfigurationList section */
	};
	rootObject = 77FEF3762FC69F740047BAEC /* Project object */;
}
